// !$*UTF8*$!
{
	archiveVersion = 1;
	classes = {
	};
	objectVersion = 46;
	objects = {

/* Begin PBXBuildFile section */
		FA7DDFB019E87B7E0043649E /* Beaver.png in Resources */ = {isa = PBXBuildFile; fileRef = FA7DDFAA19E87B7E0043649E /* Beaver.png */; };
		FA7DDFB119E87B7E0043649E /* woodchip2.png in Resources */ = {isa = PBXBuildFile; fileRef = FA7DDFAB19E87B7E0043649E /* woodchip2.png */; };
		FA7DDFB219E87B7E0043649E /* woodchip1.png in Resources */ = {isa = PBXBuildFile; fileRef = FA7DDFAC19E87B7E0043649E /* woodchip1.png */; };
		FA7DDFB319E87B7E0043649E /* woodchip5.png in Resources */ = {isa = PBXBuildFile; fileRef = FA7DDFAD19E87B7E0043649E /* woodchip5.png */; };
		FA7DDFB419E87B7E0043649E /* woodchip3.png in Resources */ = {isa = PBXBuildFile; fileRef = FA7DDFAE19E87B7E0043649E /* woodchip3.png */; };
		FA7DDFB519E87B7E0043649E /* woodchip4.png in Resources */ = {isa = PBXBuildFile; fileRef = FA7DDFAF19E87B7E0043649E /* woodchip4.png */; };
		FAFE87AF19E1D5E0009D7FBC /* Foundation.framework in Frameworks */ = {isa = PBXBuildFile; fileRef = FAFE87AE19E1D5E0009D7FBC /* Foundation.framework */; };
		FAFE87B119E1D5E0009D7FBC /* CoreGraphics.framework in Frameworks */ = {isa = PBXBuildFile; fileRef = FAFE87B019E1D5E0009D7FBC /* CoreGraphics.framework */; };
		FAFE87B319E1D5E0009D7FBC /* UIKit.framework in Frameworks */ = {isa = PBXBuildFile; fileRef = FAFE87B219E1D5E0009D7FBC /* UIKit.framework */; };
		FAFE87B919E1D5E0009D7FBC /* InfoPlist.strings in Resources */ = {isa = PBXBuildFile; fileRef = FAFE87B719E1D5E0009D7FBC /* InfoPlist.strings */; };
		FAFE87BB19E1D5E0009D7FBC /* main.m in Sources */ = {isa = PBXBuildFile; fileRef = FAFE87BA19E1D5E0009D7FBC /* main.m */; };
		FAFE87BF19E1D5E0009D7FBC /* AppDelegate.m in Sources */ = {isa = PBXBuildFile; fileRef = FAFE87BE19E1D5E0009D7FBC /* AppDelegate.m */; };
		FAFE87C219E1D5E0009D7FBC /* Main.storyboard in Resources */ = {isa = PBXBuildFile; fileRef = FAFE87C019E1D5E0009D7FBC /* Main.storyboard */; };
		FAFE87C519E1D5E0009D7FBC /* ViewController.m in Sources */ = {isa = PBXBuildFile; fileRef = FAFE87C419E1D5E0009D7FBC /* ViewController.m */; };
		FAFE87C719E1D5E0009D7FBC /* Images.xcassets in Resources */ = {isa = PBXBuildFile; fileRef = FAFE87C619E1D5E0009D7FBC /* Images.xcassets */; };
		FAFE87CE19E1D5E1009D7FBC /* XCTest.framework in Frameworks */ = {isa = PBXBuildFile; fileRef = FAFE87CD19E1D5E1009D7FBC /* XCTest.framework */; };
		FAFE87CF19E1D5E1009D7FBC /* Foundation.framework in Frameworks */ = {isa = PBXBuildFile; fileRef = FAFE87AE19E1D5E0009D7FBC /* Foundation.framework */; };
		FAFE87D019E1D5E1009D7FBC /* UIKit.framework in Frameworks */ = {isa = PBXBuildFile; fileRef = FAFE87B219E1D5E0009D7FBC /* UIKit.framework */; };
		FAFE87D819E1D5E1009D7FBC /* InfoPlist.strings in Resources */ = {isa = PBXBuildFile; fileRef = FAFE87D619E1D5E1009D7FBC /* InfoPlist.strings */; };
		FAFE87DA19E1D5E1009D7FBC /* AngryBeaverTests.m in Sources */ = {isa = PBXBuildFile; fileRef = FAFE87D919E1D5E1009D7FBC /* AngryBeaverTests.m */; };
		FAFE87F219E1D62C009D7FBC /* AngryBeaver76.png in Resources */ = {isa = PBXBuildFile; fileRef = FAFE87E319E1D62C009D7FBC /* AngryBeaver76.png */; };
		FAFE87F319E1D62C009D7FBC /* AngryBeaver152.png in Resources */ = {isa = PBXBuildFile; fileRef = FAFE87E419E1D62C009D7FBC /* AngryBeaver152.png */; };
		FAFE87F419E1D62C009D7FBC /* BeaverDam.png in Resources */ = {isa = PBXBuildFile; fileRef = FAFE87E519E1D62C009D7FBC /* BeaverDam.png */; };
		FAFE87F519E1D62C009D7FBC /* blade0.png in Resources */ = {isa = PBXBuildFile; fileRef = FAFE87E619E1D62C009D7FBC /* blade0.png */; };
		FAFE87F619E1D62C009D7FBC /* blade1.png in Resources */ = {isa = PBXBuildFile; fileRef = FAFE87E719E1D62C009D7FBC /* blade1.png */; };
		FAFE87F719E1D62C009D7FBC /* blade2.png in Resources */ = {isa = PBXBuildFile; fileRef = FAFE87E819E1D62C009D7FBC /* blade2.png */; };
		FAFE87F819E1D62C009D7FBC /* blade3.png in Resources */ = {isa = PBXBuildFile; fileRef = FAFE87E919E1D62C009D7FBC /* blade3.png */; };
		FAFE87F919E1D62C009D7FBC /* blade4.png in Resources */ = {isa = PBXBuildFile; fileRef = FAFE87EA19E1D62C009D7FBC /* blade4.png */; };
		FAFE87FA19E1D62C009D7FBC /* blade5.png in Resources */ = {isa = PBXBuildFile; fileRef = FAFE87EB19E1D62C009D7FBC /* blade5.png */; };
		FAFE87FB19E1D62C009D7FBC /* GameOver.png in Resources */ = {isa = PBXBuildFile; fileRef = FAFE87EC19E1D62C009D7FBC /* GameOver.png */; };
		FAFE87FC19E1D62C009D7FBC /* Log1.png in Resources */ = {isa = PBXBuildFile; fileRef = FAFE87ED19E1D62C009D7FBC /* Log1.png */; };
		FAFE87FD19E1D62C009D7FBC /* Log2.png in Resources */ = {isa = PBXBuildFile; fileRef = FAFE87EE19E1D62C009D7FBC /* Log2.png */; };
		FAFE87FE19E1D62C009D7FBC /* Log3.png in Resources */ = {isa = PBXBuildFile; fileRef = FAFE87EF19E1D62C009D7FBC /* Log3.png */; };
		FAFE87FF19E1D62C009D7FBC /* rock.png in Resources */ = {isa = PBXBuildFile; fileRef = FAFE87F019E1D62C009D7FBC /* rock.png */; };
		FAFE880019E1D62C009D7FBC /* Start Cutting.png in Resources */ = {isa = PBXBuildFile; fileRef = FAFE87F119E1D62C009D7FBC /* Start Cutting.png */; };
/* End PBXBuildFile section */

/* Begin PBXContainerItemProxy section */
		FAFE87D119E1D5E1009D7FBC /* PBXContainerItemProxy */ = {
			isa = PBXContainerItemProxy;
			containerPortal = FAFE87A319E1D5E0009D7FBC /* Project object */;
			proxyType = 1;
			remoteGlobalIDString = FAFE87AA19E1D5E0009D7FBC;
			remoteInfo = AngryBeaver;
		};
/* End PBXContainerItemProxy section */

/* Begin PBXFileReference section */
		FA7DDFAA19E87B7E0043649E /* Beaver.png */ = {isa = PBXFileReference; lastKnownFileType = image.png; path = Beaver.png; sourceTree = "<group>"; };
		FA7DDFAB19E87B7E0043649E /* woodchip2.png */ = {isa = PBXFileReference; lastKnownFileType = image.png; path = woodchip2.png; sourceTree = "<group>"; };
		FA7DDFAC19E87B7E0043649E /* woodchip1.png */ = {isa = PBXFileReference; lastKnownFileType = image.png; path = woodchip1.png; sourceTree = "<group>"; };
		FA7DDFAD19E87B7E0043649E /* woodchip5.png */ = {isa = PBXFileReference; lastKnownFileType = image.png; path = woodchip5.png; sourceTree = "<group>"; };
		FA7DDFAE19E87B7E0043649E /* woodchip3.png */ = {isa = PBXFileReference; lastKnownFileType = image.png; path = woodchip3.png; sourceTree = "<group>"; };
		FA7DDFAF19E87B7E0043649E /* woodchip4.png */ = {isa = PBXFileReference; lastKnownFileType = image.png; path = woodchip4.png; sourceTree = "<group>"; };
		FAFE87AB19E1D5E0009D7FBC /* AngryBeaver.app */ = {isa = PBXFileReference; explicitFileType = wrapper.application; includeInIndex = 0; path = AngryBeaver.app; sourceTree = BUILT_PRODUCTS_DIR; };
		FAFE87AE19E1D5E0009D7FBC /* Foundation.framework */ = {isa = PBXFileReference; lastKnownFileType = wrapper.framework; name = Foundation.framework; path = System/Library/Frameworks/Foundation.framework; sourceTree = SDKROOT; };
		FAFE87B019E1D5E0009D7FBC /* CoreGraphics.framework */ = {isa = PBXFileReference; lastKnownFileType = wrapper.framework; name = CoreGraphics.framework; path = System/Library/Frameworks/CoreGraphics.framework; sourceTree = SDKROOT; };
		FAFE87B219E1D5E0009D7FBC /* UIKit.framework */ = {isa = PBXFileReference; lastKnownFileType = wrapper.framework; name = UIKit.framework; path = System/Library/Frameworks/UIKit.framework; sourceTree = SDKROOT; };
		FAFE87B619E1D5E0009D7FBC /* AngryBeaver-Info.plist */ = {isa = PBXFileReference; lastKnownFileType = text.plist.xml; path = "AngryBeaver-Info.plist"; sourceTree = "<group>"; };
		FAFE87B819E1D5E0009D7FBC /* en */ = {isa = PBXFileReference; lastKnownFileType = text.plist.strings; name = en; path = en.lproj/InfoPlist.strings; sourceTree = "<group>"; };
		FAFE87BA19E1D5E0009D7FBC /* main.m */ = {isa = PBXFileReference; lastKnownFileType = sourcecode.c.objc; path = main.m; sourceTree = "<group>"; };
		FAFE87BC19E1D5E0009D7FBC /* AngryBeaver-Prefix.pch */ = {isa = PBXFileReference; lastKnownFileType = sourcecode.c.h; path = "AngryBeaver-Prefix.pch"; sourceTree = "<group>"; };
		FAFE87BD19E1D5E0009D7FBC /* AppDelegate.h */ = {isa = PBXFileReference; lastKnownFileType = sourcecode.c.h; path = AppDelegate.h; sourceTree = "<group>"; };
		FAFE87BE19E1D5E0009D7FBC /* AppDelegate.m */ = {isa = PBXFileReference; lastKnownFileType = sourcecode.c.objc; path = AppDelegate.m; sourceTree = "<group>"; };
		FAFE87C119E1D5E0009D7FBC /* Base */ = {isa = PBXFileReference; lastKnownFileType = file.storyboard; name = Base; path = Base.lproj/Main.storyboard; sourceTree = "<group>"; };
		FAFE87C319E1D5E0009D7FBC /* ViewController.h */ = {isa = PBXFileReference; lastKnownFileType = sourcecode.c.h; path = ViewController.h; sourceTree = "<group>"; };
		FAFE87C419E1D5E0009D7FBC /* ViewController.m */ = {isa = PBXFileReference; lastKnownFileType = sourcecode.c.objc; path = ViewController.m; sourceTree = "<group>"; };
		FAFE87C619E1D5E0009D7FBC /* Images.xcassets */ = {isa = PBXFileReference; lastKnownFileType = folder.assetcatalog; path = Images.xcassets; sourceTree = "<group>"; };
		FAFE87CC19E1D5E1009D7FBC /* AngryBeaverTests.xctest */ = {isa = PBXFileReference; explicitFileType = wrapper.cfbundle; includeInIndex = 0; path = AngryBeaverTests.xctest; sourceTree = BUILT_PRODUCTS_DIR; };
		FAFE87CD19E1D5E1009D7FBC /* XCTest.framework */ = {isa = PBXFileReference; lastKnownFileType = wrapper.framework; name = XCTest.framework; path = Library/Frameworks/XCTest.framework; sourceTree = DEVELOPER_DIR; };
		FAFE87D519E1D5E1009D7FBC /* AngryBeaverTests-Info.plist */ = {isa = PBXFileReference; lastKnownFileType = text.plist.xml; path = "AngryBeaverTests-Info.plist"; sourceTree = "<group>"; };
		FAFE87D719E1D5E1009D7FBC /* en */ = {isa = PBXFileReference; lastKnownFileType = text.plist.strings; name = en; path = en.lproj/InfoPlist.strings; sourceTree = "<group>"; };
		FAFE87D919E1D5E1009D7FBC /* AngryBeaverTests.m */ = {isa = PBXFileReference; lastKnownFileType = sourcecode.c.objc; path = AngryBeaverTests.m; sourceTree = "<group>"; };
		FAFE87E319E1D62C009D7FBC /* AngryBeaver76.png */ = {isa = PBXFileReference; lastKnownFileType = image.png; path = AngryBeaver76.png; sourceTree = "<group>"; };
		FAFE87E419E1D62C009D7FBC /* AngryBeaver152.png */ = {isa = PBXFileReference; lastKnownFileType = image.png; path = AngryBeaver152.png; sourceTree = "<group>"; };
		FAFE87E519E1D62C009D7FBC /* BeaverDam.png */ = {isa = PBXFileReference; lastKnownFileType = image.png; path = BeaverDam.png; sourceTree = "<group>"; };
		FAFE87E619E1D62C009D7FBC /* blade0.png */ = {isa = PBXFileReference; lastKnownFileType = image.png; path = blade0.png; sourceTree = "<group>"; };
		FAFE87E719E1D62C009D7FBC /* blade1.png */ = {isa = PBXFileReference; lastKnownFileType = image.png; path = blade1.png; sourceTree = "<group>"; };
		FAFE87E819E1D62C009D7FBC /* blade2.png */ = {isa = PBXFileReference; lastKnownFileType = image.png; path = blade2.png; sourceTree = "<group>"; };
		FAFE87E919E1D62C009D7FBC /* blade3.png */ = {isa = PBXFileReference; lastKnownFileType = image.png; path = blade3.png; sourceTree = "<group>"; };
		FAFE87EA19E1D62C009D7FBC /* blade4.png */ = {isa = PBXFileReference; lastKnownFileType = image.png; path = blade4.png; sourceTree = "<group>"; };
		FAFE87EB19E1D62C009D7FBC /* blade5.png */ = {isa = PBXFileReference; lastKnownFileType = image.png; path = blade5.png; sourceTree = "<group>"; };
		FAFE87EC19E1D62C009D7FBC /* GameOver.png */ = {isa = PBXFileReference; lastKnownFileType = image.png; path = GameOver.png; sourceTree = "<group>"; };
		FAFE87ED19E1D62C009D7FBC /* Log1.png */ = {isa = PBXFileReference; lastKnownFileType = image.png; path = Log1.png; sourceTree = "<group>"; };
		FAFE87EE19E1D62C009D7FBC /* Log2.png */ = {isa = PBXFileReference; lastKnownFileType = image.png; path = Log2.png; sourceTree = "<group>"; };
		FAFE87EF19E1D62C009D7FBC /* Log3.png */ = {isa = PBXFileReference; lastKnownFileType = image.png; path = Log3.png; sourceTree = "<group>"; };
		FAFE87F019E1D62C009D7FBC /* rock.png */ = {isa = PBXFileReference; lastKnownFileType = image.png; path = rock.png; sourceTree = "<group>"; };
		FAFE87F119E1D62C009D7FBC /* Start Cutting.png */ = {isa = PBXFileReference; lastKnownFileType = image.png; path = "Start Cutting.png"; sourceTree = "<group>"; };
/* End PBXFileReference section */

/* Begin PBXFrameworksBuildPhase section */
		FAFE87A819E1D5E0009D7FBC /* Frameworks */ = {
			isa = PBXFrameworksBuildPhase;
			buildActionMask = 2147483647;
			files = (
				FAFE87B119E1D5E0009D7FBC /* CoreGraphics.framework in Frameworks */,
				FAFE87B319E1D5E0009D7FBC /* UIKit.framework in Frameworks */,
				FAFE87AF19E1D5E0009D7FBC /* Foundation.framework in Frameworks */,
			);
			runOnlyForDeploymentPostprocessing = 0;
		};
		FAFE87C919E1D5E1009D7FBC /* Frameworks */ = {
			isa = PBXFrameworksBuildPhase;
			buildActionMask = 2147483647;
			files = (
				FAFE87CE19E1D5E1009D7FBC /* XCTest.framework in Frameworks */,
				FAFE87D019E1D5E1009D7FBC /* UIKit.framework in Frameworks */,
				FAFE87CF19E1D5E1009D7FBC /* Foundation.framework in Frameworks */,
			);
			runOnlyForDeploymentPostprocessing = 0;
		};
/* End PBXFrameworksBuildPhase section */

/* Begin PBXGroup section */
		FAFE87A219E1D5E0009D7FBC = {
			isa = PBXGroup;
			children = (
				FAFE87B419E1D5E0009D7FBC /* AngryBeaver */,
				FAFE87D319E1D5E1009D7FBC /* AngryBeaverTests */,
				FAFE87AD19E1D5E0009D7FBC /* Frameworks */,
				FAFE87AC19E1D5E0009D7FBC /* Products */,
			);
			sourceTree = "<group>";
		};
		FAFE87AC19E1D5E0009D7FBC /* Products */ = {
			isa = PBXGroup;
			children = (
				FAFE87AB19E1D5E0009D7FBC /* AngryBeaver.app */,
				FAFE87CC19E1D5E1009D7FBC /* AngryBeaverTests.xctest */,
			);
			name = Products;
			sourceTree = "<group>";
		};
		FAFE87AD19E1D5E0009D7FBC /* Frameworks */ = {
			isa = PBXGroup;
			children = (
				FAFE87AE19E1D5E0009D7FBC /* Foundation.framework */,
				FAFE87B019E1D5E0009D7FBC /* CoreGraphics.framework */,
				FAFE87B219E1D5E0009D7FBC /* UIKit.framework */,
				FAFE87CD19E1D5E1009D7FBC /* XCTest.framework */,
			);
			name = Frameworks;
			sourceTree = "<group>";
		};
		FAFE87B419E1D5E0009D7FBC /* AngryBeaver */ = {
			isa = PBXGroup;
			children = (
				FAFE87BD19E1D5E0009D7FBC /* AppDelegate.h */,
				FAFE87BE19E1D5E0009D7FBC /* AppDelegate.m */,
				FAFE87C019E1D5E0009D7FBC /* Main.storyboard */,
				FAFE87C319E1D5E0009D7FBC /* ViewController.h */,
				FAFE87C419E1D5E0009D7FBC /* ViewController.m */,
				FAFE87C619E1D5E0009D7FBC /* Images.xcassets */,
				FAFE87B519E1D5E0009D7FBC /* Supporting Files */,
			);
			path = AngryBeaver;
			sourceTree = "<group>";
		};
		FAFE87B519E1D5E0009D7FBC /* Supporting Files */ = {
			isa = PBXGroup;
			children = (
				FA7DDFAA19E87B7E0043649E /* Beaver.png */,
				FA7DDFAB19E87B7E0043649E /* woodchip2.png */,
				FA7DDFAC19E87B7E0043649E /* woodchip1.png */,
				FA7DDFAD19E87B7E0043649E /* woodchip5.png */,
				FA7DDFAE19E87B7E0043649E /* woodchip3.png */,
				FA7DDFAF19E87B7E0043649E /* woodchip4.png */,
				FAFE87E319E1D62C009D7FBC /* AngryBeaver76.png */,
				FAFE87E419E1D62C009D7FBC /* AngryBeaver152.png */,
				FAFE87E519E1D62C009D7FBC /* BeaverDam.png */,
				FAFE87E619E1D62C009D7FBC /* blade0.png */,
				FAFE87E719E1D62C009D7FBC /* blade1.png */,
				FAFE87E819E1D62C009D7FBC /* blade2.png */,
				FAFE87E919E1D62C009D7FBC /* blade3.png */,
				FAFE87EA19E1D62C009D7FBC /* blade4.png */,
				FAFE87EB19E1D62C009D7FBC /* blade5.png */,
				FAFE87EC19E1D62C009D7FBC /* GameOver.png */,
				FAFE87ED19E1D62C009D7FBC /* Log1.png */,
				FAFE87EE19E1D62C009D7FBC /* Log2.png */,
				FAFE87EF19E1D62C009D7FBC /* Log3.png */,
				FAFE87F019E1D62C009D7FBC /* rock.png */,
				FAFE87F119E1D62C009D7FBC /* Start Cutting.png */,
				FAFE87B619E1D5E0009D7FBC /* AngryBeaver-Info.plist */,
				FAFE87B719E1D5E0009D7FBC /* InfoPlist.strings */,
				FAFE87BA19E1D5E0009D7FBC /* main.m */,
				FAFE87BC19E1D5E0009D7FBC /* AngryBeaver-Prefix.pch */,
			);
			name = "Supporting Files";
			sourceTree = "<group>";
		};
		FAFE87D319E1D5E1009D7FBC /* AngryBeaverTests */ = {
			isa = PBXGroup;
			children = (
				FAFE87D919E1D5E1009D7FBC /* AngryBeaverTests.m */,
				FAFE87D419E1D5E1009D7FBC /* Supporting Files */,
			);
			path = AngryBeaverTests;
			sourceTree = "<group>";
		};
		FAFE87D419E1D5E1009D7FBC /* Supporting Files */ = {
			isa = PBXGroup;
			children = (
				FAFE87D519E1D5E1009D7FBC /* AngryBeaverTests-Info.plist */,
				FAFE87D619E1D5E1009D7FBC /* InfoPlist.strings */,
			);
			name = "Supporting Files";
			sourceTree = "<group>";
		};
/* End PBXGroup section */

/* Begin PBXNativeTarget section */
		FAFE87AA19E1D5E0009D7FBC /* AngryBeaver */ = {
			isa = PBXNativeTarget;
			buildConfigurationList = FAFE87DD19E1D5E1009D7FBC /* Build configuration list for PBXNativeTarget "AngryBeaver" */;
			buildPhases = (
				FAFE87A719E1D5E0009D7FBC /* Sources */,
				FAFE87A819E1D5E0009D7FBC /* Frameworks */,
				FAFE87A919E1D5E0009D7FBC /* Resources */,
			);
			buildRules = (
			);
			dependencies = (
			);
			name = AngryBeaver;
			productName = AngryBeaver;
			productReference = FAFE87AB19E1D5E0009D7FBC /* AngryBeaver.app */;
			productType = "com.apple.product-type.application";
		};
		FAFE87CB19E1D5E1009D7FBC /* AngryBeaverTests */ = {
			isa = PBXNativeTarget;
			buildConfigurationList = FAFE87E019E1D5E1009D7FBC /* Build configuration list for PBXNativeTarget "AngryBeaverTests" */;
			buildPhases = (
				FAFE87C819E1D5E1009D7FBC /* Sources */,
				FAFE87C919E1D5E1009D7FBC /* Frameworks */,
				FAFE87CA19E1D5E1009D7FBC /* Resources */,
			);
			buildRules = (
			);
			dependencies = (
				FAFE87D219E1D5E1009D7FBC /* PBXTargetDependency */,
			);
			name = AngryBeaverTests;
			productName = AngryBeaverTests;
			productReference = FAFE87CC19E1D5E1009D7FBC /* AngryBeaverTests.xctest */;
			productType = "com.apple.product-type.bundle.unit-test";
		};
/* End PBXNativeTarget section */

/* Begin PBXProject section */
		FAFE87A319E1D5E0009D7FBC /* Project object */ = {
			isa = PBXProject;
			attributes = {
				LastUpgradeCheck = 0510;
				ORGANIZATIONNAME = "Alex Vickers";
				TargetAttributes = {
					FAFE87AA19E1D5E0009D7FBC = {
						DevelopmentTeam = L38GWSMVUV;
					};
					FAFE87CB19E1D5E1009D7FBC = {
						TestTargetID = FAFE87AA19E1D5E0009D7FBC;
					};
				};
			};
			buildConfigurationList = FAFE87A619E1D5E0009D7FBC /* Build configuration list for PBXProject "AngryBeaver" */;
			compatibilityVersion = "Xcode 3.2";
			developmentRegion = English;
			hasScannedForEncodings = 0;
			knownRegions = (
				en,
				Base,
			);
			mainGroup = FAFE87A219E1D5E0009D7FBC;
			productRefGroup = FAFE87AC19E1D5E0009D7FBC /* Products */;
			projectDirPath = "";
			projectRoot = "";
			targets = (
				FAFE87AA19E1D5E0009D7FBC /* AngryBeaver */,
				FAFE87CB19E1D5E1009D7FBC /* AngryBeaverTests */,
			);
		};
/* End PBXProject section */

/* Begin PBXResourcesBuildPhase section */
		FAFE87A919E1D5E0009D7FBC /* Resources */ = {
			isa = PBXResourcesBuildPhase;
			buildActionMask = 2147483647;
			files = (
				FAFE880019E1D62C009D7FBC /* Start Cutting.png in Resources */,
				FAFE87FE19E1D62C009D7FBC /* Log3.png in Resources */,
				FAFE87F819E1D62C009D7FBC /* blade3.png in Resources */,
				FAFE87C719E1D5E0009D7FBC /* Images.xcassets in Resources */,
				FAFE87FB19E1D62C009D7FBC /* GameOver.png in Resources */,
				FAFE87FA19E1D62C009D7FBC /* blade5.png in Resources */,
				FA7DDFB219E87B7E0043649E /* woodchip1.png in Resources */,
				FAFE87B919E1D5E0009D7FBC /* InfoPlist.strings in Resources */,
				FA7DDFB419E87B7E0043649E /* woodchip3.png in Resources */,
				FA7DDFB519E87B7E0043649E /* woodchip4.png in Resources */,
				FA7DDFB319E87B7E0043649E /* woodchip5.png in Resources */,
				FAFE87C219E1D5E0009D7FBC /* Main.storyboard in Resources */,
				FAFE87F419E1D62C009D7FBC /* BeaverDam.png in Resources */,
				FAFE87F519E1D62C009D7FBC /* blade0.png in Resources */,
				FAFE87F719E1D62C009D7FBC /* blade2.png in Resources */,
				FA7DDFB019E87B7E0043649E /* Beaver.png in Resources */,
				FAFE87F219E1D62C009D7FBC /* AngryBeaver76.png in Resources */,
				FAFE87F619E1D62C009D7FBC /* blade1.png in Resources */,
				FAFE87F919E1D62C009D7FBC /* blade4.png in Resources */,
				FA7DDFB119E87B7E0043649E /* woodchip2.png in Resources */,
				FAFE87FD19E1D62C009D7FBC /* Log2.png in Resources */,
				FAFE87FF19E1D62C009D7FBC /* rock.png in Resources */,
				FAFE87FC19E1D62C009D7FBC /* Log1.png in Resources */,
				FAFE87F319E1D62C009D7FBC /* AngryBeaver152.png in Resources */,
			);
			runOnlyForDeploymentPostprocessing = 0;
		};
		FAFE87CA19E1D5E1009D7FBC /* Resources */ = {
			isa = PBXResourcesBuildPhase;
			buildActionMask = 2147483647;
			files = (
				FAFE87D819E1D5E1009D7FBC /* InfoPlist.strings in Resources */,
			);
			runOnlyForDeploymentPostprocessing = 0;
		};
/* End PBXResourcesBuildPhase section */

/* Begin PBXSourcesBuildPhase section */
		FAFE87A719E1D5E0009D7FBC /* Sources */ = {
			isa = PBXSourcesBuildPhase;
			buildActionMask = 2147483647;
			files = (
				FAFE87C519E1D5E0009D7FBC /* ViewController.m in Sources */,
				FAFE87BF19E1D5E0009D7FBC /* AppDelegate.m in Sources */,
				FAFE87BB19E1D5E0009D7FBC /* main.m in Sources */,
			);
			runOnlyForDeploymentPostprocessing = 0;
		};
		FAFE87C819E1D5E1009D7FBC /* Sources */ = {
			isa = PBXSourcesBuildPhase;
			buildActionMask = 2147483647;
			files = (
				FAFE87DA19E1D5E1009D7FBC /* AngryBeaverTests.m in Sources */,
			);
			runOnlyForDeploymentPostprocessing = 0;
		};
/* End PBXSourcesBuildPhase section */

/* Begin PBXTargetDependency section */
		FAFE87D219E1D5E1009D7FBC /* PBXTargetDependency */ = {
			isa = PBXTargetDependency;
			target = FAFE87AA19E1D5E0009D7FBC /* AngryBeaver */;
			targetProxy = FAFE87D119E1D5E1009D7FBC /* PBXContainerItemProxy */;
		};
/* End PBXTargetDependency section */

/* Begin PBXVariantGroup section */
		FAFE87B719E1D5E0009D7FBC /* InfoPlist.strings */ = {
			isa = PBXVariantGroup;
			children = (
				FAFE87B819E1D5E0009D7FBC /* en */,
			);
			name = InfoPlist.strings;
			sourceTree = "<group>";
		};
		FAFE87C019E1D5E0009D7FBC /* Main.storyboard */ = {
			isa = PBXVariantGroup;
			children = (
				FAFE87C119E1D5E0009D7FBC /* Base */,
			);
			name = Main.storyboard;
			sourceTree = "<group>";
		};
		FAFE87D619E1D5E1009D7FBC /* InfoPlist.strings */ = {
			isa = PBXVariantGroup;
			children = (
				FAFE87D719E1D5E1009D7FBC /* en */,
			);
			name = InfoPlist.strings;
			sourceTree = "<group>";
		};
/* End PBXVariantGroup section */

/* Begin XCBuildConfiguration section */
		FAFE87DB19E1D5E1009D7FBC /* Debug */ = {
			isa = XCBuildConfiguration;
			buildSettings = {
				ALWAYS_SEARCH_USER_PATHS = NO;
				CLANG_CXX_LANGUAGE_STANDARD = "gnu++0x";
				CLANG_CXX_LIBRARY = "libc++";
				CLANG_ENABLE_MODULES = YES;
				CLANG_ENABLE_OBJC_ARC = YES;
				CLANG_WARN_BOOL_CONVERSION = YES;
				CLANG_WARN_CONSTANT_CONVERSION = YES;
				CLANG_WARN_DIRECT_OBJC_ISA_USAGE = YES_ERROR;
				CLANG_WARN_EMPTY_BODY = YES;
				CLANG_WARN_ENUM_CONVERSION = YES;
				CLANG_WARN_INT_CONVERSION = YES;
				CLANG_WARN_OBJC_ROOT_CLASS = YES_ERROR;
				CLANG_WARN__DUPLICATE_METHOD_MATCH = YES;
				"CODE_SIGN_IDENTITY[sdk=iphoneos*]" = "iPhone Developer";
				COPY_PHASE_STRIP = NO;
				GCC_C_LANGUAGE_STANDARD = gnu99;
				GCC_DYNAMIC_NO_PIC = NO;
				GCC_OPTIMIZATION_LEVEL = 0;
				GCC_PREPROCESSOR_DEFINITIONS = (
					"DEBUG=1",
					"$(inherited)",
				);
				GCC_SYMBOLS_PRIVATE_EXTERN = NO;
				GCC_WARN_64_TO_32_BIT_CONVERSION = YES;
				GCC_WARN_ABOUT_RETURN_TYPE = YES_ERROR;
				GCC_WARN_UNDECLARED_SELECTOR = YES;
				GCC_WARN_UNINITIALIZED_AUTOS = YES_AGGRESSIVE;
				GCC_WARN_UNUSED_FUNCTION = YES;
				GCC_WARN_UNUSED_VARIABLE = YES;
				IPHONEOS_DEPLOYMENT_TARGET = 7.1;
				ONLY_ACTIVE_ARCH = YES;
				SDKROOT = iphoneos;
				TARGETED_DEVICE_FAMILY = 2;
			};
			name = Debug;
		};
		FAFE87DC19E1D5E1009D7FBC /* Release */ = {
			isa = XCBuildConfiguration;
			buildSettings = {
				ALWAYS_SEARCH_USER_PATHS = NO;
				CLANG_CXX_LANGUAGE_STANDARD = "gnu++0x";
				CLANG_CXX_LIBRARY = "libc++";
				CLANG_ENABLE_MODULES = YES;
				CLANG_ENABLE_OBJC_ARC = YES;
				CLANG_WARN_BOOL_CONVERSION = YES;
				CLANG_WARN_CONSTANT_CONVERSION = YES;
				CLANG_WARN_DIRECT_OBJC_ISA_USAGE = YES_ERROR;
				CLANG_WARN_EMPTY_BODY = YES;
				CLANG_WARN_ENUM_CONVERSION = YES;
				CLANG_WARN_INT_CONVERSION = YES;
				CLANG_WARN_OBJC_ROOT_CLASS = YES_ERROR;
				CLANG_WARN__DUPLICATE_METHOD_MATCH = YES;
				"CODE_SIGN_IDENTITY[sdk=iphoneos*]" = "iPhone Developer";
				COPY_PHASE_STRIP = YES;
				ENABLE_NS_ASSERTIONS = NO;
				GCC_C_LANGUAGE_STANDARD = gnu99;
				GCC_WARN_64_TO_32_BIT_CONVERSION = YES;
				GCC_WARN_ABOUT_RETURN_TYPE = YES_ERROR;
				GCC_WARN_UNDECLARED_SELECTOR = YES;
				GCC_WARN_UNINITIALIZED_AUTOS = YES_AGGRESSIVE;
				GCC_WARN_UNUSED_FUNCTION = YES;
				GCC_WARN_UNUSED_VARIABLE = YES;
				IPHONEOS_DEPLOYMENT_TARGET = 7.1;
				SDKROOT = iphoneos;
				TARGETED_DEVICE_FAMILY = 2;
				VALIDATE_PRODUCT = YES;
			};
			name = Release;
		};
		FAFE87DE19E1D5E1009D7FBC /* Debug */ = {
			isa = XCBuildConfiguration;
			buildSettings = {
				ASSETCATALOG_COMPILER_APPICON_NAME = AppIcon;
				ASSETCATALOG_COMPILER_LAUNCHIMAGE_NAME = LaunchImage;
				CODE_SIGN_IDENTITY = "iPhone Developer";
				GCC_PRECOMPILE_PREFIX_HEADER = YES;
				GCC_PREFIX_HEADER = "AngryBeaver/AngryBeaver-Prefix.pch";
				INFOPLIST_FILE = "AngryBeaver/AngryBeaver-Info.plist";
				PRODUCT_NAME = "$(TARGET_NAME)";
				WRAPPER_EXTENSION = app;
			};
			name = Debug;
		};
		FAFE87DF19E1D5E1009D7FBC /* Release */ = {
			isa = XCBuildConfiguration;
			buildSettings = {
				ASSETCATALOG_COMPILER_APPICON_NAME = AppIcon;
				ASSETCATALOG_COMPILER_LAUNCHIMAGE_NAME = LaunchImage;
				CODE_SIGN_IDENTITY = "iPhone Developer";
				GCC_PRECOMPILE_PREFIX_HEADER = YES;
				GCC_PREFIX_HEADER = "AngryBeaver/AngryBeaver-Prefix.pch";
				INFOPLIST_FILE = "AngryBeaver/AngryBeaver-Info.plist";
				PRODUCT_NAME = "$(TARGET_NAME)";
				WRAPPER_EXTENSION = app;
			};
			name = Release;
		};
		FAFE87E119E1D5E1009D7FBC /* Debug */ = {
			isa = XCBuildConfiguration;
			buildSettings = {
				BUNDLE_LOADER = "$(BUILT_PRODUCTS_DIR)/AngryBeaver.app/AngryBeaver";
				FRAMEWORK_SEARCH_PATHS = (
					"$(SDKROOT)/Developer/Library/Frameworks",
					"$(inherited)",
					"$(DEVELOPER_FRAMEWORKS_DIR)",
				);
				GCC_PRECOMPILE_PREFIX_HEADER = YES;
				GCC_PREFIX_HEADER = "AngryBeaver/AngryBeaver-Prefix.pch";
				GCC_PREPROCESSOR_DEFINITIONS = (
					"DEBUG=1",
					"$(inherited)",
				);
				INFOPLIST_FILE = "AngryBeaverTests/AngryBeaverTests-Info.plist";
				PRODUCT_NAME = "$(TARGET_NAME)";
				TEST_HOST = "$(BUNDLE_LOADER)";
				WRAPPER_EXTENSION = xctest;
			};
			name = Debug;
		};
		FAFE87E219E1D5E1009D7FBC /* Release */ = {
			isa = XCBuildConfiguration;
			buildSettings = {
				BUNDLE_LOADER = "$(BUILT_PRODUCTS_DIR)/AngryBeaver.app/AngryBeaver";
				FRAMEWORK_SEARCH_PATHS = (
					"$(SDKROOT)/Developer/Library/Frameworks",
					"$(inherited)",
					"$(DEVELOPER_FRAMEWORKS_DIR)",
				);
				GCC_PRECOMPILE_PREFIX_HEADER = YES;
				GCC_PREFIX_HEADER = "AngryBeaver/AngryBeaver-Prefix.pch";
				INFOPLIST_FILE = "AngryBeaverTests/AngryBeaverTests-Info.plist";
				PRODUCT_NAME = "$(TARGET_NAME)";
				TEST_HOST = "$(BUNDLE_LOADER)";
				WRAPPER_EXTENSION = xctest;
			};
			name = Release;
		};
/* End XCBuildConfiguration section */

/* Begin XCConfigurationList section */
		FAFE87A619E1D5E0009D7FBC /* Build configuration list for PBXProject "AngryBeaver" */ = {
			isa = XCConfigurationList;
			buildConfigurations = (
				FAFE87DB19E1D5E1009D7FBC /* Debug */,
				FAFE87DC19E1D5E1009D7FBC /* Release */,
			);
			defaultConfigurationIsVisible = 0;
			defaultConfigurationName = Release;
		};
		FAFE87DD19E1D5E1009D7FBC /* Build configuration list for PBXNativeTarget "AngryBeaver" */ = {
			isa = XCConfigurationList;
			buildConfigurations = (
				FAFE87DE19E1D5E1009D7FBC /* Debug */,
				FAFE87DF19E1D5E1009D7FBC /* Release */,
			);
			defaultConfigurationIsVisible = 0;
			defaultConfigurationName = Release;
		};
		FAFE87E019E1D5E1009D7FBC /* Build configuration list for PBXNativeTarget "AngryBeaverTests" */ = {
			isa = XCConfigurationList;
			buildConfigurations = (
				FAFE87E119E1D5E1009D7FBC /* Debug */,
				FAFE87E219E1D5E1009D7FBC /* Release */,
			);
			defaultConfigurationIsVisible = 0;
			defaultConfigurationName = Release;
		};
/* End XCConfigurationList section */
	};
	rootObject = FAFE87A319E1D5E0009D7FBC /* Project object */;
}
